
Microsoft Visual Studio Solution File, Format Version 12.00
# Visual Studio Version 17
VisualStudioVersion = 17.9.34728.123
MinimumVisualStudioVersion = 10.0.40219.1
Project("{FAE04EC0-301F-11D3-BF4B-00C04F79EFBC}") = "MainProgram", "MainProgram.csproj", "{B96E8C5C-BF16-4427-8913-B10B7C6105E2}"
EndProject
Global
	GlobalSection(SolutionConfigurationPlatforms) = preSolution
		Debug|Any CPU = Debug|Any CPU
		Release|Any CPU = Release|Any CPU
	EndGlobalSection
	GlobalSection(ProjectConfigurationPlatforms) = postSolution
		{B96E8C5C-BF16-4427-8913-B10B7C6105E2}.Debug|Any CPU.ActiveCfg = Debug|Any CPU
		{B96E8C5C-BF16-4427-8913-B10B7C6105E2}.Debug|Any CPU.Build.0 = Debug|Any CPU
		{B96E8C5C-BF16-4427-8913-B10B7C6105E2}.Release|Any CPU.ActiveCfg = Release|Any CPU
		{B96E8C5C-BF16-4427-8913-B10B7C6105E2}.Release|Any CPU.Build.0 = Release|Any CPU
	EndGlobalSection
	GlobalSection(SolutionProperties) = preSolution
		HideSolutionNode = FALSE
	EndGlobalSection
	GlobalSection(ExtensibilityGlobals) = postSolution
		SolutionGuid = {F06D5829-0F55-44FB-8698-3DEC2E04D0D5}
	EndGlobalSection
EndGlobal
